
Microsoft Visual Studio Solution File, Format Version 12.00
# Visual Studio 15
VisualStudioVersion = 15.0.28307.168
MinimumVisualStudioVersion = 10.0.40219.1
Project("{FAE04EC0-301F-11D3-BF4B-00C04F79EFBC}") = "PluginForCAD_TrashCanUI", "PluginForCAD_TrashCan\PluginForCAD_TrashCanUI.csproj", "{2DD4C4DD-9FAA-4AD2-B26E-B309C5B3B5B0}"
EndProject
Project("{FAE04EC0-301F-11D3-BF4B-00C04F79EFBC}") = "PluginForCAD_TrashcanLibrary", "PluginForCAD_TrashcanLibrary\PluginForCAD_TrashcanLibrary.csproj", "{CD92047E-73AC-4D0D-8AA2-6E17AE5325AC}"
EndProject
Global
	GlobalSection(SolutionConfigurationPlatforms) = preSolution
		Debug|Any CPU = Debug|Any CPU
		Release|Any CPU = Release|Any CPU
	EndGlobalSection
	GlobalSection(ProjectConfigurationPlatforms) = postSolution
		{2DD4C4DD-9FAA-4AD2-B26E-B309C5B3B5B0}.Debug|Any CPU.ActiveCfg = Debug|Any CPU
		{2DD4C4DD-9FAA-4AD2-B26E-B309C5B3B5B0}.Debug|Any CPU.Build.0 = Debug|Any CPU
		{2DD4C4DD-9FAA-4AD2-B26E-B309C5B3B5B0}.Release|Any CPU.ActiveCfg = Release|Any CPU
		{2DD4C4DD-9FAA-4AD2-B26E-B309C5B3B5B0}.Release|Any CPU.Build.0 = Release|Any CPU
		{CD92047E-73AC-4D0D-8AA2-6E17AE5325AC}.Debug|Any CPU.ActiveCfg = Debug|Any CPU
		{CD92047E-73AC-4D0D-8AA2-6E17AE5325AC}.Debug|Any CPU.Build.0 = Debug|Any CPU
		{CD92047E-73AC-4D0D-8AA2-6E17AE5325AC}.Release|Any CPU.ActiveCfg = Release|Any CPU
		{CD92047E-73AC-4D0D-8AA2-6E17AE5325AC}.Release|Any CPU.Build.0 = Release|Any CPU
	EndGlobalSection
	GlobalSection(SolutionProperties) = preSolution
		HideSolutionNode = FALSE
	EndGlobalSection
	GlobalSection(ExtensibilityGlobals) = postSolution
		SolutionGuid = {CE9ADF1A-BF2B-4FCE-8EE8-1662DA378ACB}
	EndGlobalSection
EndGlobal
